
Microsoft Visual Studio Solution File, Format Version 11.00
# Visual Studio 2010
Project("{FAE04EC0-301F-11D3-BF4B-00C04F79EFBC}") = "Inventori.Billiard.Forms", "Inventori.Billiard.Forms\Inventori.Billiard.Forms.csproj", "{C6AB9B63-E44E-4069-A2C5-49F229AD708D}"
EndProject
Project("{FAE04EC0-301F-11D3-BF4B-00C04F79EFBC}") = "Inventori.Billiard.Data", "Inventori.Billiard.Data\Inventori.Billiard.Data.csproj", "{BE7E50CC-A19F-4FC0-9B9E-88DEEF311F1E}"
EndProject
Project("{54435603-DBB4-11D2-8724-00A0C9A8B90C}") = "Billiard Management Software", "Billiard Management Software\Billiard Management Software1.vdproj", "{10B84632-EAA9-4B84-B313-858408B01CE6}"
EndProject
Global
	GlobalSection(SolutionConfigurationPlatforms) = preSolution
		Debug|Any CPU = Debug|Any CPU
		Release|Any CPU = Release|Any CPU
	EndGlobalSection
	GlobalSection(ProjectConfigurationPlatforms) = postSolution
		{C6AB9B63-E44E-4069-A2C5-49F229AD708D}.Debug|Any CPU.ActiveCfg = Debug|Any CPU
		{C6AB9B63-E44E-4069-A2C5-49F229AD708D}.Debug|Any CPU.Build.0 = Debug|Any CPU
		{C6AB9B63-E44E-4069-A2C5-49F229AD708D}.Release|Any CPU.ActiveCfg = Release|Any CPU
		{C6AB9B63-E44E-4069-A2C5-49F229AD708D}.Release|Any CPU.Build.0 = Release|Any CPU
		{BE7E50CC-A19F-4FC0-9B9E-88DEEF311F1E}.Debug|Any CPU.ActiveCfg = Debug|Any CPU
		{BE7E50CC-A19F-4FC0-9B9E-88DEEF311F1E}.Debug|Any CPU.Build.0 = Debug|Any CPU
		{BE7E50CC-A19F-4FC0-9B9E-88DEEF311F1E}.Release|Any CPU.ActiveCfg = Release|Any CPU
		{BE7E50CC-A19F-4FC0-9B9E-88DEEF311F1E}.Release|Any CPU.Build.0 = Release|Any CPU
		{10B84632-EAA9-4B84-B313-858408B01CE6}.Debug|Any CPU.ActiveCfg = Debug
		{10B84632-EAA9-4B84-B313-858408B01CE6}.Release|Any CPU.ActiveCfg = Release
		{10B84632-EAA9-4B84-B313-858408B01CE6}.Release|Any CPU.Build.0 = Release
	EndGlobalSection
	GlobalSection(SolutionProperties) = preSolution
		HideSolutionNode = FALSE
	EndGlobalSection
EndGlobal
